PODS:
  - SecuXPaymentKit (0.0.1):
    - SPManager
  - SPManager (0.0.2)

DEPENDENCIES:
  - SecuXPaymentKit (from `../`)

SPEC REPOS:
  trunk:
    - SPManager

EXTERNAL SOURCES:
  SecuXPaymentKit:
    :path: "../"

SPEC CHECKSUMS:
  SecuXPaymentKit: a9e41336b40dd9ff22264755891e7b1991fcaf3e
  SPManager: 90be8b63c4e4440a131b3a2ecd6042cc9d01633b

PODFILE CHECKSUM: c5e9f78622261d23da410268c9942975aafac3ae

COCOAPODS: 1.9.0.beta.2
